
Microsoft Visual Studio Solution File, Format Version 12.00
# Visual Studio Version 17
VisualStudioVersion = 17.1.32421.90
MinimumVisualStudioVersion = 10.0.40219.1
Project("{FAE04EC0-301F-11D3-BF4B-00C04F79EFBC}") = "BlazorServerApp", "BlazorServerApp\BlazorServerApp.csproj", "{56CDD786-8B71-44D4-83BF-2C0B164A216A}"
EndProject
Global
	GlobalSection(SolutionConfigurationPlatforms) = preSolution
		Debug|Any CPU = Debug|Any CPU
		Release|Any CPU = Release|Any CPU
	EndGlobalSection
	GlobalSection(ProjectConfigurationPlatforms) = postSolution
		{56CDD786-8B71-44D4-83BF-2C0B164A216A}.Debug|Any CPU.ActiveCfg = Debug|Any CPU
		{56CDD786-8B71-44D4-83BF-2C0B164A216A}.Debug|Any CPU.Build.0 = Debug|Any CPU
		{56CDD786-8B71-44D4-83BF-2C0B164A216A}.Release|Any CPU.ActiveCfg = Release|Any CPU
		{56CDD786-8B71-44D4-83BF-2C0B164A216A}.Release|Any CPU.Build.0 = Release|Any CPU
	EndGlobalSection
	GlobalSection(SolutionProperties) = preSolution
		HideSolutionNode = FALSE
	EndGlobalSection
	GlobalSection(ExtensibilityGlobals) = postSolution
		SolutionGuid = {DA950BC0-13A6-4539-820F-A0444EEFF2E9}
	EndGlobalSection
EndGlobal
