
Microsoft Visual Studio Solution File, Format Version 12.00
# Visual Studio Version 17
VisualStudioVersion = 17.1.32421.90
MinimumVisualStudioVersion = 10.0.40219.1
Project("{FAE04EC0-301F-11D3-BF4B-00C04F79EFBC}") = "BlazorPwa.Server", "BlazorPwa\Server\BlazorPwa.Server.csproj", "{90172F36-44A4-46FA-B4CD-679BA049E2C0}"
EndProject
Project("{FAE04EC0-301F-11D3-BF4B-00C04F79EFBC}") = "BlazorPwa.Client", "BlazorPwa\Client\BlazorPwa.Client.csproj", "{8FC57CC4-BB8C-49F3-931B-1DC52520A56A}"
EndProject
Project("{FAE04EC0-301F-11D3-BF4B-00C04F79EFBC}") = "BlazorPwa.Shared", "BlazorPwa\Shared\BlazorPwa.Shared.csproj", "{44F934FF-BE57-4497-AE64-43CAC5B259CF}"
EndProject
Global
	GlobalSection(SolutionConfigurationPlatforms) = preSolution
		Debug|Any CPU = Debug|Any CPU
		Release|Any CPU = Release|Any CPU
	EndGlobalSection
	GlobalSection(ProjectConfigurationPlatforms) = postSolution
		{90172F36-44A4-46FA-B4CD-679BA049E2C0}.Debug|Any CPU.ActiveCfg = Debug|Any CPU
		{90172F36-44A4-46FA-B4CD-679BA049E2C0}.Debug|Any CPU.Build.0 = Debug|Any CPU
		{90172F36-44A4-46FA-B4CD-679BA049E2C0}.Release|Any CPU.ActiveCfg = Release|Any CPU
		{90172F36-44A4-46FA-B4CD-679BA049E2C0}.Release|Any CPU.Build.0 = Release|Any CPU
		{8FC57CC4-BB8C-49F3-931B-1DC52520A56A}.Debug|Any CPU.ActiveCfg = Debug|Any CPU
		{8FC57CC4-BB8C-49F3-931B-1DC52520A56A}.Debug|Any CPU.Build.0 = Debug|Any CPU
		{8FC57CC4-BB8C-49F3-931B-1DC52520A56A}.Release|Any CPU.ActiveCfg = Release|Any CPU
		{8FC57CC4-BB8C-49F3-931B-1DC52520A56A}.Release|Any CPU.Build.0 = Release|Any CPU
		{44F934FF-BE57-4497-AE64-43CAC5B259CF}.Debug|Any CPU.ActiveCfg = Debug|Any CPU
		{44F934FF-BE57-4497-AE64-43CAC5B259CF}.Debug|Any CPU.Build.0 = Debug|Any CPU
		{44F934FF-BE57-4497-AE64-43CAC5B259CF}.Release|Any CPU.ActiveCfg = Release|Any CPU
		{44F934FF-BE57-4497-AE64-43CAC5B259CF}.Release|Any CPU.Build.0 = Release|Any CPU
	EndGlobalSection
	GlobalSection(SolutionProperties) = preSolution
		HideSolutionNode = FALSE
	EndGlobalSection
	GlobalSection(ExtensibilityGlobals) = postSolution
		SolutionGuid = {DD3FBC19-DDEE-45EB-984C-AC25E7769431}
	EndGlobalSection
EndGlobal
